
Microsoft Visual Studio Solution File, Format Version 12.00
# Visual Studio Version 17
VisualStudioVersion = 17.11.35208.52
MinimumVisualStudioVersion = 10.0.40219.1
Project("{FAE04EC0-301F-11D3-BF4B-00C04F79EFBC}") = "xiaGouMain", "xiaGouMain.csproj", "{B8C237D4-4E13-40C2-B385-982802D422DF}"
EndProject
Project("{FAE04EC0-301F-11D3-BF4B-00C04F79EFBC}") = "Supportlayer", "..\Supportlayer\Supportlayer.csproj", "{CBB934EE-E94F-4CED-BFBA-D2DA19A3FDA9}"
EndProject
Project("{FAE04EC0-301F-11D3-BF4B-00C04F79EFBC}") = "ServiceLayer", "..\ServiceLayer\ServiceLayer.csproj", "{7642952E-680D-4D24-AD57-AF1BCE9B8E4C}"
EndProject
Global
	GlobalSection(SolutionConfigurationPlatforms) = preSolution
		Debug|Any CPU = Debug|Any CPU
		Release|Any CPU = Release|Any CPU
	EndGlobalSection
	GlobalSection(ProjectConfigurationPlatforms) = postSolution
		{B8C237D4-4E13-40C2-B385-982802D422DF}.Debug|Any CPU.ActiveCfg = Debug|Any CPU
		{B8C237D4-4E13-40C2-B385-982802D422DF}.Debug|Any CPU.Build.0 = Debug|Any CPU
		{B8C237D4-4E13-40C2-B385-982802D422DF}.Release|Any CPU.ActiveCfg = Release|Any CPU
		{B8C237D4-4E13-40C2-B385-982802D422DF}.Release|Any CPU.Build.0 = Release|Any CPU
		{CBB934EE-E94F-4CED-BFBA-D2DA19A3FDA9}.Debug|Any CPU.ActiveCfg = Debug|Any CPU
		{CBB934EE-E94F-4CED-BFBA-D2DA19A3FDA9}.Debug|Any CPU.Build.0 = Debug|Any CPU
		{CBB934EE-E94F-4CED-BFBA-D2DA19A3FDA9}.Release|Any CPU.ActiveCfg = Release|Any CPU
		{CBB934EE-E94F-4CED-BFBA-D2DA19A3FDA9}.Release|Any CPU.Build.0 = Release|Any CPU
		{7642952E-680D-4D24-AD57-AF1BCE9B8E4C}.Debug|Any CPU.ActiveCfg = Debug|Any CPU
		{7642952E-680D-4D24-AD57-AF1BCE9B8E4C}.Debug|Any CPU.Build.0 = Debug|Any CPU
		{7642952E-680D-4D24-AD57-AF1BCE9B8E4C}.Release|Any CPU.ActiveCfg = Release|Any CPU
		{7642952E-680D-4D24-AD57-AF1BCE9B8E4C}.Release|Any CPU.Build.0 = Release|Any CPU
	EndGlobalSection
	GlobalSection(SolutionProperties) = preSolution
		HideSolutionNode = FALSE
	EndGlobalSection
	GlobalSection(ExtensibilityGlobals) = postSolution
		SolutionGuid = {44102A3B-048C-47D1-A315-5F2466495FBE}
	EndGlobalSection
EndGlobal
